
Microsoft Visual Studio Solution File, Format Version 12.00
# Visual Studio Version 16
VisualStudioVersion = 16.0.31702.278
MinimumVisualStudioVersion = 10.0.40219.1
Project("{FAE04EC0-301F-11D3-BF4B-00C04F79EFBC}") = "GlobalExceptionHandler.Core", "GlobalExceptionHandler.Core\GlobalExceptionHandler.Core.csproj", "{F55235E5-0A9E-41B7-97BE-FDBCCE45C65A}"
EndProject
Project("{FAE04EC0-301F-11D3-BF4B-00C04F79EFBC}") = "GlobalExceptionHandler.WebApi", "GlobalExceptionHandler.WebApi\GlobalExceptionHandler.WebApi.csproj", "{D92C8D4E-9F4A-4475-B924-31ECC6314207}"
EndProject
Project("{FAE04EC0-301F-11D3-BF4B-00C04F79EFBC}") = "GlobalExceptionHandler.WebUI", "GlobalExceptionHandler.WebUI\GlobalExceptionHandler.WebUI.csproj", "{199BE865-1F1C-44F6-B9D6-B2149FDCD508}"
EndProject
Global
	GlobalSection(SolutionConfigurationPlatforms) = preSolution
		Debug|Any CPU = Debug|Any CPU
		Release|Any CPU = Release|Any CPU
	EndGlobalSection
	GlobalSection(ProjectConfigurationPlatforms) = postSolution
		{F55235E5-0A9E-41B7-97BE-FDBCCE45C65A}.Debug|Any CPU.ActiveCfg = Debug|Any CPU
		{F55235E5-0A9E-41B7-97BE-FDBCCE45C65A}.Debug|Any CPU.Build.0 = Debug|Any CPU
		{F55235E5-0A9E-41B7-97BE-FDBCCE45C65A}.Release|Any CPU.ActiveCfg = Release|Any CPU
		{F55235E5-0A9E-41B7-97BE-FDBCCE45C65A}.Release|Any CPU.Build.0 = Release|Any CPU
		{D92C8D4E-9F4A-4475-B924-31ECC6314207}.Debug|Any CPU.ActiveCfg = Debug|Any CPU
		{D92C8D4E-9F4A-4475-B924-31ECC6314207}.Debug|Any CPU.Build.0 = Debug|Any CPU
		{D92C8D4E-9F4A-4475-B924-31ECC6314207}.Release|Any CPU.ActiveCfg = Release|Any CPU
		{D92C8D4E-9F4A-4475-B924-31ECC6314207}.Release|Any CPU.Build.0 = Release|Any CPU
		{199BE865-1F1C-44F6-B9D6-B2149FDCD508}.Debug|Any CPU.ActiveCfg = Debug|Any CPU
		{199BE865-1F1C-44F6-B9D6-B2149FDCD508}.Debug|Any CPU.Build.0 = Debug|Any CPU
		{199BE865-1F1C-44F6-B9D6-B2149FDCD508}.Release|Any CPU.ActiveCfg = Release|Any CPU
		{199BE865-1F1C-44F6-B9D6-B2149FDCD508}.Release|Any CPU.Build.0 = Release|Any CPU
	EndGlobalSection
	GlobalSection(SolutionProperties) = preSolution
		HideSolutionNode = FALSE
	EndGlobalSection
	GlobalSection(ExtensibilityGlobals) = postSolution
		SolutionGuid = {11661ABF-5006-46B1-81D6-70EA58966370}
	EndGlobalSection
EndGlobal
